
Microsoft Visual Studio Solution File, Format Version 12.00
# Visual Studio 2012
Project("{8BC9CEB8-8B4A-11D0-8D11-00A0C91BC942}") = "CS2040C Debug Examples", "CS2040C Debug Examples\CS2040C Debug Examples.vcxproj", "{EC578544-BBF6-473A-9A4B-ECC33577D739}"
EndProject
Global
	GlobalSection(SolutionConfigurationPlatforms) = preSolution
		Debug|Win32 = Debug|Win32
		Release|Win32 = Release|Win32
	EndGlobalSection
	GlobalSection(ProjectConfigurationPlatforms) = postSolution
		{EC578544-BBF6-473A-9A4B-ECC33577D739}.Debug|Win32.ActiveCfg = Debug|Win32
		{EC578544-BBF6-473A-9A4B-ECC33577D739}.Debug|Win32.Build.0 = Debug|Win32
		{EC578544-BBF6-473A-9A4B-ECC33577D739}.Release|Win32.ActiveCfg = Release|Win32
		{EC578544-BBF6-473A-9A4B-ECC33577D739}.Release|Win32.Build.0 = Release|Win32
	EndGlobalSection
	GlobalSection(SolutionProperties) = preSolution
		HideSolutionNode = FALSE
	EndGlobalSection
EndGlobal
